
Microsoft Visual Studio Solution File, Format Version 12.00
# Visual Studio Version 17
VisualStudioVersion = 17.0.32112.339
MinimumVisualStudioVersion = 10.0.40219.1
Project("{9A19103F-16F7-4668-BE54-9A1E7A4F7556}") = "PwcWebApiDemo", "PwcWebApiDemo\PwcWebApiDemo.csproj", "{AF13C856-21AD-415E-ADBA-B2F291246DED}"
EndProject
Project("{FAE04EC0-301F-11D3-BF4B-00C04F79EFBC}") = "PwcWebApiDemo.Test", "PwcWebApiDemo.Test\PwcWebApiDemo.Test.csproj", "{8116A137-6CDD-46FF-9317-29F4E8C09D0E}"
EndProject
Global
	GlobalSection(SolutionConfigurationPlatforms) = preSolution
		Debug|Any CPU = Debug|Any CPU
		Release|Any CPU = Release|Any CPU
	EndGlobalSection
	GlobalSection(ProjectConfigurationPlatforms) = postSolution
		{AF13C856-21AD-415E-ADBA-B2F291246DED}.Debug|Any CPU.ActiveCfg = Debug|Any CPU
		{AF13C856-21AD-415E-ADBA-B2F291246DED}.Debug|Any CPU.Build.0 = Debug|Any CPU
		{AF13C856-21AD-415E-ADBA-B2F291246DED}.Release|Any CPU.ActiveCfg = Release|Any CPU
		{AF13C856-21AD-415E-ADBA-B2F291246DED}.Release|Any CPU.Build.0 = Release|Any CPU
		{8116A137-6CDD-46FF-9317-29F4E8C09D0E}.Debug|Any CPU.ActiveCfg = Debug|Any CPU
		{8116A137-6CDD-46FF-9317-29F4E8C09D0E}.Debug|Any CPU.Build.0 = Debug|Any CPU
		{8116A137-6CDD-46FF-9317-29F4E8C09D0E}.Release|Any CPU.ActiveCfg = Release|Any CPU
		{8116A137-6CDD-46FF-9317-29F4E8C09D0E}.Release|Any CPU.Build.0 = Release|Any CPU
	EndGlobalSection
	GlobalSection(SolutionProperties) = preSolution
		HideSolutionNode = FALSE
	EndGlobalSection
	GlobalSection(ExtensibilityGlobals) = postSolution
		SolutionGuid = {6DD58443-C089-4FE6-9609-1C42FF004391}
	EndGlobalSection
EndGlobal
